
Microsoft Visual Studio Solution File, Format Version 12.00
# Visual Studio Version 17
VisualStudioVersion = 17.5.002.0
MinimumVisualStudioVersion = 10.0.40219.1
Project("{2150E333-8FDC-42A3-9474-1A3956D46DE8}") = "src", "src", "{62D6B910-0639-4166-B0CB-02AD212105F3}"
EndProject
Project("{9A19103F-16F7-4668-BE54-9A1E7A4F7556}") = "TicketHub.Domain", "src\TicketHub.Domain\TicketHub.Domain.csproj", "{525A5F40-D5DF-4271-B2B8-2D1181DA2DA7}"
EndProject
Project("{9A19103F-16F7-4668-BE54-9A1E7A4F7556}") = "TicketHub.Api", "src\TicketHub.Api\TicketHub.Api.csproj", "{EEB33285-2CF1-45B2-8FE9-A0488CB31E68}"
EndProject
Project("{9A19103F-16F7-4668-BE54-9A1E7A4F7556}") = "TicketHub.Application", "src\TicketHub.Application\TicketHub.Application.csproj", "{F59D5B9B-9B7B-41E6-8E46-486E24076C13}"
EndProject
Project("{9A19103F-16F7-4668-BE54-9A1E7A4F7556}") = "TicketHub.Infrastructure", "src\TicketHub.Infrastructure\TicketHub.Infrastructure.csproj", "{DD034825-F3D6-4D64-8981-A1180496408F}"
EndProject
Global
	GlobalSection(SolutionConfigurationPlatforms) = preSolution
		Debug|Any CPU = Debug|Any CPU
		Release|Any CPU = Release|Any CPU
	EndGlobalSection
	GlobalSection(ProjectConfigurationPlatforms) = postSolution
		{525A5F40-D5DF-4271-B2B8-2D1181DA2DA7}.Debug|Any CPU.ActiveCfg = Debug|Any CPU
		{525A5F40-D5DF-4271-B2B8-2D1181DA2DA7}.Debug|Any CPU.Build.0 = Debug|Any CPU
		{525A5F40-D5DF-4271-B2B8-2D1181DA2DA7}.Release|Any CPU.ActiveCfg = Release|Any CPU
		{525A5F40-D5DF-4271-B2B8-2D1181DA2DA7}.Release|Any CPU.Build.0 = Release|Any CPU
		{EEB33285-2CF1-45B2-8FE9-A0488CB31E68}.Debug|Any CPU.ActiveCfg = Debug|Any CPU
		{EEB33285-2CF1-45B2-8FE9-A0488CB31E68}.Debug|Any CPU.Build.0 = Debug|Any CPU
		{EEB33285-2CF1-45B2-8FE9-A0488CB31E68}.Release|Any CPU.ActiveCfg = Release|Any CPU
		{EEB33285-2CF1-45B2-8FE9-A0488CB31E68}.Release|Any CPU.Build.0 = Release|Any CPU
		{F59D5B9B-9B7B-41E6-8E46-486E24076C13}.Debug|Any CPU.ActiveCfg = Debug|Any CPU
		{F59D5B9B-9B7B-41E6-8E46-486E24076C13}.Debug|Any CPU.Build.0 = Debug|Any CPU
		{F59D5B9B-9B7B-41E6-8E46-486E24076C13}.Release|Any CPU.ActiveCfg = Release|Any CPU
		{F59D5B9B-9B7B-41E6-8E46-486E24076C13}.Release|Any CPU.Build.0 = Release|Any CPU
		{DD034825-F3D6-4D64-8981-A1180496408F}.Debug|Any CPU.ActiveCfg = Debug|Any CPU
		{DD034825-F3D6-4D64-8981-A1180496408F}.Debug|Any CPU.Build.0 = Debug|Any CPU
		{DD034825-F3D6-4D64-8981-A1180496408F}.Release|Any CPU.ActiveCfg = Release|Any CPU
		{DD034825-F3D6-4D64-8981-A1180496408F}.Release|Any CPU.Build.0 = Release|Any CPU
	EndGlobalSection
	GlobalSection(SolutionProperties) = preSolution
		HideSolutionNode = FALSE
	EndGlobalSection
	GlobalSection(NestedProjects) = preSolution
		{525A5F40-D5DF-4271-B2B8-2D1181DA2DA7} = {62D6B910-0639-4166-B0CB-02AD212105F3}
		{EEB33285-2CF1-45B2-8FE9-A0488CB31E68} = {62D6B910-0639-4166-B0CB-02AD212105F3}
		{F59D5B9B-9B7B-41E6-8E46-486E24076C13} = {62D6B910-0639-4166-B0CB-02AD212105F3}
		{DD034825-F3D6-4D64-8981-A1180496408F} = {62D6B910-0639-4166-B0CB-02AD212105F3}
	EndGlobalSection
	GlobalSection(ExtensibilityGlobals) = postSolution
		SolutionGuid = {DF771166-7DAC-409C-819A-8F521281FE4F}
	EndGlobalSection
EndGlobal
